# THIS IS AN AUTOGENERATED FILE. DO NOT EDIT THIS FILE DIRECTLY.
# yarn lockfile v1


accessible-autocomplete@^1.6.1:
  version "1.6.1"
  resolved "https://registry.yarnpkg.com/accessible-autocomplete/-/accessible-autocomplete-1.6.1.tgz#23edd14cab2abc39baa4f6168457166acefc17fe"
  dependencies:
    preact "^8.1.0"

preact@^8.1.0:
  version "8.2.9"
  resolved "https://registry.yarnpkg.com/preact/-/preact-8.2.9.tgz#813ba9dd45e5d97c5ea0d6c86d375b3be711cc40"
